// !$*UTF8*$!
{
	archiveVersion = 1;
	classes = {
	};
	objectVersion = 56;
	objects = {

/* Begin PBXBuildFile section */
		02D5F71D29D01E8F009C69A0 /* CustomAnnotation.swift in Sources */ = {isa = PBXBuildFile; fileRef = 02D5F71929D01E8F009C69A0 /* CustomAnnotation.swift */; };
		02D5F71E29D01E8F009C69A0 /* ViewController.swift in Sources */ = {isa = PBXBuildFile; fileRef = 02D5F71A29D01E8F009C69A0 /* ViewController.swift */; };
		02D5F71F29D01E8F009C69A0 /* CustomAnnotationView.swift in Sources */ = {isa = PBXBuildFile; fileRef = 02D5F71B29D01E8F009C69A0 /* CustomAnnotationView.swift */; };
		02D5F72029D01E8F009C69A0 /* MapExample.swift in Sources */ = {isa = PBXBuildFile; fileRef = 02D5F71C29D01E8F009C69A0 /* MapExample.swift */; };
		02D5F72229D037C1009C69A0 /* Respaldo.swift in Sources */ = {isa = PBXBuildFile; fileRef = 02D5F72129D037C1009C69A0 /* Respaldo.swift */; };
		02D5F72429D04246009C69A0 /* WizelineAnnotationView.swift in Sources */ = {isa = PBXBuildFile; fileRef = 02D5F72329D04246009C69A0 /* WizelineAnnotationView.swift */; };
		02F5C70429B9949A00E75EEB /* AppDelegate.swift in Sources */ = {isa = PBXBuildFile; fileRef = 02F5C70329B9949A00E75EEB /* AppDelegate.swift */; };
		02F5C70629B9949A00E75EEB /* SceneDelegate.swift in Sources */ = {isa = PBXBuildFile; fileRef = 02F5C70529B9949A00E75EEB /* SceneDelegate.swift */; };
		02F5C70B29B9949A00E75EEB /* Main.storyboard in Resources */ = {isa = PBXBuildFile; fileRef = 02F5C70929B9949A00E75EEB /* Main.storyboard */; };
		02F5C70D29B9949D00E75EEB /* Assets.xcassets in Resources */ = {isa = PBXBuildFile; fileRef = 02F5C70C29B9949D00E75EEB /* Assets.xcassets */; };
		02F5C71029B9949D00E75EEB /* LaunchScreen.storyboard in Resources */ = {isa = PBXBuildFile; fileRef = 02F5C70E29B9949D00E75EEB /* LaunchScreen.storyboard */; };
/* End PBXBuildFile section */

/* Begin PBXFileReference section */
		02D5F71929D01E8F009C69A0 /* CustomAnnotation.swift */ = {isa = PBXFileReference; fileEncoding = 4; lastKnownFileType = sourcecode.swift; path = CustomAnnotation.swift; sourceTree = "<group>"; };
		02D5F71A29D01E8F009C69A0 /* ViewController.swift */ = {isa = PBXFileReference; fileEncoding = 4; lastKnownFileType = sourcecode.swift; path = ViewController.swift; sourceTree = "<group>"; wrapsLines = 1; };
		02D5F71B29D01E8F009C69A0 /* CustomAnnotationView.swift */ = {isa = PBXFileReference; fileEncoding = 4; lastKnownFileType = sourcecode.swift; path = CustomAnnotationView.swift; sourceTree = "<group>"; };
		02D5F71C29D01E8F009C69A0 /* MapExample.swift */ = {isa = PBXFileReference; fileEncoding = 4; lastKnownFileType = sourcecode.swift; path = MapExample.swift; sourceTree = "<group>"; };
		02D5F72129D037C1009C69A0 /* Respaldo.swift */ = {isa = PBXFileReference; lastKnownFileType = sourcecode.swift; path = Respaldo.swift; sourceTree = "<group>"; };
		02D5F72329D04246009C69A0 /* WizelineAnnotationView.swift */ = {isa = PBXFileReference; lastKnownFileType = sourcecode.swift; path = WizelineAnnotationView.swift; sourceTree = "<group>"; };
		02F5C70029B9949A00E75EEB /* MapKitExample.app */ = {isa = PBXFileReference; explicitFileType = wrapper.application; includeInIndex = 0; path = MapKitExample.app; sourceTree = BUILT_PRODUCTS_DIR; };
		02F5C70329B9949A00E75EEB /* AppDelegate.swift */ = {isa = PBXFileReference; lastKnownFileType = sourcecode.swift; path = AppDelegate.swift; sourceTree = "<group>"; };
		02F5C70529B9949A00E75EEB /* SceneDelegate.swift */ = {isa = PBXFileReference; lastKnownFileType = sourcecode.swift; path = SceneDelegate.swift; sourceTree = "<group>"; };
		02F5C70A29B9949A00E75EEB /* Base */ = {isa = PBXFileReference; lastKnownFileType = file.storyboard; name = Base; path = Base.lproj/Main.storyboard; sourceTree = "<group>"; };
		02F5C70C29B9949D00E75EEB /* Assets.xcassets */ = {isa = PBXFileReference; lastKnownFileType = folder.assetcatalog; path = Assets.xcassets; sourceTree = "<group>"; };
		02F5C70F29B9949D00E75EEB /* Base */ = {isa = PBXFileReference; lastKnownFileType = file.storyboard; name = Base; path = Base.lproj/LaunchScreen.storyboard; sourceTree = "<group>"; };
		02F5C71129B9949D00E75EEB /* Info.plist */ = {isa = PBXFileReference; lastKnownFileType = text.plist.xml; path = Info.plist; sourceTree = "<group>"; };
/* End PBXFileReference section */

/* Begin PBXFrameworksBuildPhase section */
		02F5C6FD29B9949A00E75EEB /* Frameworks */ = {
			isa = PBXFrameworksBuildPhase;
			buildActionMask = 2147483647;
			files = (
			);
			runOnlyForDeploymentPostprocessing = 0;
		};
/* End PBXFrameworksBuildPhase section */

/* Begin PBXGroup section */
		02F5C6F729B9949A00E75EEB = {
			isa = PBXGroup;
			children = (
				02F5C70229B9949A00E75EEB /* MapKitExample */,
				02F5C70129B9949A00E75EEB /* Products */,
			);
			sourceTree = "<group>";
		};
		02F5C70129B9949A00E75EEB /* Products */ = {
			isa = PBXGroup;
			children = (
				02F5C70029B9949A00E75EEB /* MapKitExample.app */,
			);
			name = Products;
			sourceTree = "<group>";
		};
		02F5C70229B9949A00E75EEB /* MapKitExample */ = {
			isa = PBXGroup;
			children = (
				02D5F71929D01E8F009C69A0 /* CustomAnnotation.swift */,
				02D5F71B29D01E8F009C69A0 /* CustomAnnotationView.swift */,
				02D5F71C29D01E8F009C69A0 /* MapExample.swift */,
				02D5F71A29D01E8F009C69A0 /* ViewController.swift */,
				02F5C70329B9949A00E75EEB /* AppDelegate.swift */,
				02F5C70529B9949A00E75EEB /* SceneDelegate.swift */,
				02F5C70929B9949A00E75EEB /* Main.storyboard */,
				02F5C70C29B9949D00E75EEB /* Assets.xcassets */,
				02F5C70E29B9949D00E75EEB /* LaunchScreen.storyboard */,
				02F5C71129B9949D00E75EEB /* Info.plist */,
				02D5F72129D037C1009C69A0 /* Respaldo.swift */,
				02D5F72329D04246009C69A0 /* WizelineAnnotationView.swift */,
			);
			path = MapKitExample;
			sourceTree = "<group>";
		};
/* End PBXGroup section */

/* Begin PBXNativeTarget section */
		02F5C6FF29B9949A00E75EEB /* MapKitExample */ = {
			isa = PBXNativeTarget;
			buildConfigurationList = 02F5C71429B9949D00E75EEB /* Build configuration list for PBXNativeTarget "MapKitExample" */;
			buildPhases = (
				02F5C6FC29B9949A00E75EEB /* Sources */,
				02F5C6FD29B9949A00E75EEB /* Frameworks */,
				02F5C6FE29B9949A00E75EEB /* Resources */,
			);
			buildRules = (
			);
			dependencies = (
			);
			name = MapKitExample;
			productName = MapKitExample;
			productReference = 02F5C70029B9949A00E75EEB /* MapKitExample.app */;
			productType = "com.apple.product-type.application";
		};
/* End PBXNativeTarget section */

/* Begin PBXProject section */
		02F5C6F829B9949A00E75EEB /* Project object */ = {
			isa = PBXProject;
			attributes = {
				BuildIndependentTargetsInParallel = 1;
				LastSwiftUpdateCheck = 1410;
				LastUpgradeCheck = 1410;
				TargetAttributes = {
					02F5C6FF29B9949A00E75EEB = {
						CreatedOnToolsVersion = 14.1;
					};
				};
			};
			buildConfigurationList = 02F5C6FB29B9949A00E75EEB /* Build configuration list for PBXProject "MapKitExample" */;
			compatibilityVersion = "Xcode 14.0";
			developmentRegion = en;
			hasScannedForEncodings = 0;
			knownRegions = (
				en,
				Base,
			);
			mainGroup = 02F5C6F729B9949A00E75EEB;
			productRefGroup = 02F5C70129B9949A00E75EEB /* Products */;
			projectDirPath = "";
			projectRoot = "";
			targets = (
				02F5C6FF29B9949A00E75EEB /* MapKitExample */,
			);
		};
/* End PBXProject section */

/* Begin PBXResourcesBuildPhase section */
		02F5C6FE29B9949A00E75EEB /* Resources */ = {
			isa = PBXResourcesBuildPhase;
			buildActionMask = 2147483647;
			files = (
				02F5C71029B9949D00E75EEB /* LaunchScreen.storyboard in Resources */,
				02F5C70D29B9949D00E75EEB /* Assets.xcassets in Resources */,
				02F5C70B29B9949A00E75EEB /* Main.storyboard in Resources */,
			);
			runOnlyForDeploymentPostprocessing = 0;
		};
/* End PBXResourcesBuildPhase section */

/* Begin PBXSourcesBuildPhase section */
		02F5C6FC29B9949A00E75EEB /* Sources */ = {
			isa = PBXSourcesBuildPhase;
			buildActionMask = 2147483647;
			files = (
				02F5C70429B9949A00E75EEB /* AppDelegate.swift in Sources */,
				02D5F71F29D01E8F009C69A0 /* CustomAnnotationView.swift in Sources */,
				02F5C70629B9949A00E75EEB /* SceneDelegate.swift in Sources */,
				02D5F72029D01E8F009C69A0 /* MapExample.swift in Sources */,
				02D5F72429D04246009C69A0 /* WizelineAnnotationView.swift in Sources */,
				02D5F71E29D01E8F009C69A0 /* ViewController.swift in Sources */,
				02D5F71D29D01E8F009C69A0 /* CustomAnnotation.swift in Sources */,
				02D5F72229D037C1009C69A0 /* Respaldo.swift in Sources */,
			);
			runOnlyForDeploymentPostprocessing = 0;
		};
/* End PBXSourcesBuildPhase section */

/* Begin PBXVariantGroup section */
		02F5C70929B9949A00E75EEB /* Main.storyboard */ = {
			isa = PBXVariantGroup;
			children = (
				02F5C70A29B9949A00E75EEB /* Base */,
			);
			name = Main.storyboard;
			sourceTree = "<group>";
		};
		02F5C70E29B9949D00E75EEB /* LaunchScreen.storyboard */ = {
			isa = PBXVariantGroup;
			children = (
				02F5C70F29B9949D00E75EEB /* Base */,
			);
			name = LaunchScreen.storyboard;
			sourceTree = "<group>";
		};
/* End PBXVariantGroup section */

/* Begin XCBuildConfiguration section */
		02F5C71229B9949D00E75EEB /* Debug */ = {
			isa = XCBuildConfiguration;
			buildSettings = {
				ALWAYS_SEARCH_USER_PATHS = NO;
				CLANG_ANALYZER_NONNULL = YES;
				CLANG_ANALYZER_NUMBER_OBJECT_CONVERSION = YES_AGGRESSIVE;
				CLANG_CXX_LANGUAGE_STANDARD = "gnu++20";
				CLANG_ENABLE_MODULES = YES;
				CLANG_ENABLE_OBJC_ARC = YES;
				CLANG_ENABLE_OBJC_WEAK = YES;
				CLANG_WARN_BLOCK_CAPTURE_AUTORELEASING = YES;
				CLANG_WARN_BOOL_CONVERSION = YES;
				CLANG_WARN_COMMA = YES;
				CLANG_WARN_CONSTANT_CONVERSION = YES;
				CLANG_WARN_DEPRECATED_OBJC_IMPLEMENTATIONS = YES;
				CLANG_WARN_DIRECT_OBJC_ISA_USAGE = YES_ERROR;
				CLANG_WARN_DOCUMENTATION_COMMENTS = YES;
				CLANG_WARN_EMPTY_BODY = YES;
				CLANG_WARN_ENUM_CONVERSION = YES;
				CLANG_WARN_INFINITE_RECURSION = YES;
				CLANG_WARN_INT_CONVERSION = YES;
				CLANG_WARN_NON_LITERAL_NULL_CONVERSION = YES;
				CLANG_WARN_OBJC_IMPLICIT_RETAIN_SELF = YES;
				CLANG_WARN_OBJC_LITERAL_CONVERSION = YES;
				CLANG_WARN_OBJC_ROOT_CLASS = YES_ERROR;
				CLANG_WARN_QUOTED_INCLUDE_IN_FRAMEWORK_HEADER = YES;
				CLANG_WARN_RANGE_LOOP_ANALYSIS = YES;
				CLANG_WARN_STRICT_PROTOTYPES = YES;
				CLANG_WARN_SUSPICIOUS_MOVE = YES;
				CLANG_WARN_UNGUARDED_AVAILABILITY = YES_AGGRESSIVE;
				CLANG_WARN_UNREACHABLE_CODE = YES;
				CLANG_WARN__DUPLICATE_METHOD_MATCH = YES;
				COPY_PHASE_STRIP = NO;
				DEBUG_INFORMATION_FORMAT = dwarf;
				ENABLE_STRICT_OBJC_MSGSEND = YES;
				ENABLE_TESTABILITY = YES;
				GCC_C_LANGUAGE_STANDARD = gnu11;
				GCC_DYNAMIC_NO_PIC = NO;
				GCC_NO_COMMON_BLOCKS = YES;
				GCC_OPTIMIZATION_LEVEL = 0;
				GCC_PREPROCESSOR_DEFINITIONS = (
					"DEBUG=1",
					"$(inherited)",
				);
				GCC_WARN_64_TO_32_BIT_CONVERSION = YES;
				GCC_WARN_ABOUT_RETURN_TYPE = YES_ERROR;
				GCC_WARN_UNDECLARED_SELECTOR = YES;
				GCC_WARN_UNINITIALIZED_AUTOS = YES_AGGRESSIVE;
				GCC_WARN_UNUSED_FUNCTION = YES;
				GCC_WARN_UNUSED_VARIABLE = YES;
				IPHONEOS_DEPLOYMENT_TARGET = 16.1;
				MTL_ENABLE_DEBUG_INFO = INCLUDE_SOURCE;
				MTL_FAST_MATH = YES;
				ONLY_ACTIVE_ARCH = YES;
				SDKROOT = iphoneos;
				SWIFT_ACTIVE_COMPILATION_CONDITIONS = DEBUG;
				SWIFT_OPTIMIZATION_LEVEL = "-Onone";
			};
			name = Debug;
		};
		02F5C71329B9949D00E75EEB /* Release */ = {
			isa = XCBuildConfiguration;
			buildSettings = {
				ALWAYS_SEARCH_USER_PATHS = NO;
				CLANG_ANALYZER_NONNULL = YES;
				CLANG_ANALYZER_NUMBER_OBJECT_CONVERSION = YES_AGGRESSIVE;
				CLANG_CXX_LANGUAGE_STANDARD = "gnu++20";
				CLANG_ENABLE_MODULES = YES;
				CLANG_ENABLE_OBJC_ARC = YES;
				CLANG_ENABLE_OBJC_WEAK = YES;
				CLANG_WARN_BLOCK_CAPTURE_AUTORELEASING = YES;
				CLANG_WARN_BOOL_CONVERSION = YES;
				CLANG_WARN_COMMA = YES;
				CLANG_WARN_CONSTANT_CONVERSION = YES;
				CLANG_WARN_DEPRECATED_OBJC_IMPLEMENTATIONS = YES;
				CLANG_WARN_DIRECT_OBJC_ISA_USAGE = YES_ERROR;
				CLANG_WARN_DOCUMENTATION_COMMENTS = YES;
				CLANG_WARN_EMPTY_BODY = YES;
				CLANG_WARN_ENUM_CONVERSION = YES;
				CLANG_WARN_INFINITE_RECURSION = YES;
				CLANG_WARN_INT_CONVERSION = YES;
				CLANG_WARN_NON_LITERAL_NULL_CONVERSION = YES;
				CLANG_WARN_OBJC_IMPLICIT_RETAIN_SELF = YES;
				CLANG_WARN_OBJC_LITERAL_CONVERSION = YES;
				CLANG_WARN_OBJC_ROOT_CLASS = YES_ERROR;
				CLANG_WARN_QUOTED_INCLUDE_IN_FRAMEWORK_HEADER = YES;
				CLANG_WARN_RANGE_LOOP_ANALYSIS = YES;
				CLANG_WARN_STRICT_PROTOTYPES = YES;
				CLANG_WARN_SUSPICIOUS_MOVE = YES;
				CLANG_WARN_UNGUARDED_AVAILABILITY = YES_AGGRESSIVE;
				CLANG_WARN_UNREACHABLE_CODE = YES;
				CLANG_WARN__DUPLICATE_METHOD_MATCH = YES;
				COPY_PHASE_STRIP = NO;
				DEBUG_INFORMATION_FORMAT = "dwarf-with-dsym";
				ENABLE_NS_ASSERTIONS = NO;
				ENABLE_STRICT_OBJC_MSGSEND = YES;
				GCC_C_LANGUAGE_STANDARD = gnu11;
				GCC_NO_COMMON_BLOCKS = YES;
				GCC_WARN_64_TO_32_BIT_CONVERSION = YES;
				GCC_WARN_ABOUT_RETURN_TYPE = YES_ERROR;
				GCC_WARN_UNDECLARED_SELECTOR = YES;
				GCC_WARN_UNINITIALIZED_AUTOS = YES_AGGRESSIVE;
				GCC_WARN_UNUSED_FUNCTION = YES;
				GCC_WARN_UNUSED_VARIABLE = YES;
				IPHONEOS_DEPLOYMENT_TARGET = 16.1;
				MTL_ENABLE_DEBUG_INFO = NO;
				MTL_FAST_MATH = YES;
				SDKROOT = iphoneos;
				SWIFT_COMPILATION_MODE = wholemodule;
				SWIFT_OPTIMIZATION_LEVEL = "-O";
				VALIDATE_PRODUCT = YES;
			};
			name = Release;
		};
		02F5C71529B9949D00E75EEB /* Debug */ = {
			isa = XCBuildConfiguration;
			buildSettings = {
				ASSETCATALOG_COMPILER_APPICON_NAME = AppIcon;
				ASSETCATALOG_COMPILER_GLOBAL_ACCENT_COLOR_NAME = AccentColor;
				CODE_SIGN_STYLE = Automatic;
				CURRENT_PROJECT_VERSION = 1;
				DEVELOPMENT_TEAM = 747XY5QBGT;
				GENERATE_INFOPLIST_FILE = YES;
				INFOPLIST_FILE = MapKitExample/Info.plist;
				INFOPLIST_KEY_NSLocationAlwaysAndWhenInUseUsageDescription = NSLocationAlwaysAndWhenInUseUsageDescription;
				INFOPLIST_KEY_NSLocationAlwaysUsageDescription = NSLocationAlwaysUsageDescription;
				INFOPLIST_KEY_NSLocationWhenInUseUsageDescription = NSLocationWhenInUseUsageDescription;
				INFOPLIST_KEY_UIApplicationSupportsIndirectInputEvents = YES;
				INFOPLIST_KEY_UILaunchStoryboardName = LaunchScreen;
				INFOPLIST_KEY_UIMainStoryboardFile = Main;
				INFOPLIST_KEY_UISupportedInterfaceOrientations_iPad = "UIInterfaceOrientationPortrait UIInterfaceOrientationPortraitUpsideDown UIInterfaceOrientationLandscapeLeft UIInterfaceOrientationLandscapeRight";
				INFOPLIST_KEY_UISupportedInterfaceOrientations_iPhone = "UIInterfaceOrientationPortrait UIInterfaceOrientationLandscapeLeft UIInterfaceOrientationLandscapeRight";
				LD_RUNPATH_SEARCH_PATHS = (
					"$(inherited)",
					"@executable_path/Frameworks",
				);
				MARKETING_VERSION = 1.0;
				PRODUCT_BUNDLE_IDENTIFIER = wizeline.MapKitExampl;
				PRODUCT_NAME = "$(TARGET_NAME)";
				SWIFT_EMIT_LOC_STRINGS = YES;
				SWIFT_VERSION = 5.0;
				TARGETED_DEVICE_FAMILY = "1,2";
			};
			name = Debug;
		};
		02F5C71629B9949D00E75EEB /* Release */ = {
			isa = XCBuildConfiguration;
			buildSettings = {
				ASSETCATALOG_COMPILER_APPICON_NAME = AppIcon;
				ASSETCATALOG_COMPILER_GLOBAL_ACCENT_COLOR_NAME = AccentColor;
				CODE_SIGN_STYLE = Automatic;
				CURRENT_PROJECT_VERSION = 1;
				DEVELOPMENT_TEAM = 747XY5QBGT;
				GENERATE_INFOPLIST_FILE = YES;
				INFOPLIST_FILE = MapKitExample/Info.plist;
				INFOPLIST_KEY_NSLocationAlwaysAndWhenInUseUsageDescription = NSLocationAlwaysAndWhenInUseUsageDescription;
				INFOPLIST_KEY_NSLocationAlwaysUsageDescription = NSLocationAlwaysUsageDescription;
				INFOPLIST_KEY_NSLocationWhenInUseUsageDescription = NSLocationWhenInUseUsageDescription;
				INFOPLIST_KEY_UIApplicationSupportsIndirectInputEvents = YES;
				INFOPLIST_KEY_UILaunchStoryboardName = LaunchScreen;
				INFOPLIST_KEY_UIMainStoryboardFile = Main;
				INFOPLIST_KEY_UISupportedInterfaceOrientations_iPad = "UIInterfaceOrientationPortrait UIInterfaceOrientationPortraitUpsideDown UIInterfaceOrientationLandscapeLeft UIInterfaceOrientationLandscapeRight";
				INFOPLIST_KEY_UISupportedInterfaceOrientations_iPhone = "UIInterfaceOrientationPortrait UIInterfaceOrientationLandscapeLeft UIInterfaceOrientationLandscapeRight";
				LD_RUNPATH_SEARCH_PATHS = (
					"$(inherited)",
					"@executable_path/Frameworks",
				);
				MARKETING_VERSION = 1.0;
				PRODUCT_BUNDLE_IDENTIFIER = wizeline.MapKitExampl;
				PRODUCT_NAME = "$(TARGET_NAME)";
				SWIFT_EMIT_LOC_STRINGS = YES;
				SWIFT_VERSION = 5.0;
				TARGETED_DEVICE_FAMILY = "1,2";
			};
			name = Release;
		};
/* End XCBuildConfiguration section */

/* Begin XCConfigurationList section */
		02F5C6FB29B9949A00E75EEB /* Build configuration list for PBXProject "MapKitExample" */ = {
			isa = XCConfigurationList;
			buildConfigurations = (
				02F5C71229B9949D00E75EEB /* Debug */,
				02F5C71329B9949D00E75EEB /* Release */,
			);
			defaultConfigurationIsVisible = 0;
			defaultConfigurationName = Release;
		};
		02F5C71429B9949D00E75EEB /* Build configuration list for PBXNativeTarget "MapKitExample" */ = {
			isa = XCConfigurationList;
			buildConfigurations = (
				02F5C71529B9949D00E75EEB /* Debug */,
				02F5C71629B9949D00E75EEB /* Release */,
			);
			defaultConfigurationIsVisible = 0;
			defaultConfigurationName = Release;
		};
/* End XCConfigurationList section */
	};
	rootObject = 02F5C6F829B9949A00E75EEB /* Project object */;
}
